
Microsoft Visual Studio Solution File, Format Version 12.00
# Visual Studio Version 16
VisualStudioVersion = 16.0.29318.209
MinimumVisualStudioVersion = 10.0.40219.1
Project("{9A19103F-16F7-4668-BE54-9A1E7A4F7556}") = "AssignmentDemonstrator", "AssignmentDemonstrator\AssignmentDemonstrator.csproj", "{5780C6D8-AE72-4155-9982-E01ED2155131}"
EndProject
Global
	GlobalSection(SolutionConfigurationPlatforms) = preSolution
		Debug|Any CPU = Debug|Any CPU
		Release|Any CPU = Release|Any CPU
	EndGlobalSection
	GlobalSection(ProjectConfigurationPlatforms) = postSolution
		{5780C6D8-AE72-4155-9982-E01ED2155131}.Debug|Any CPU.ActiveCfg = Debug|Any CPU
		{5780C6D8-AE72-4155-9982-E01ED2155131}.Debug|Any CPU.Build.0 = Debug|Any CPU
		{5780C6D8-AE72-4155-9982-E01ED2155131}.Release|Any CPU.ActiveCfg = Release|Any CPU
		{5780C6D8-AE72-4155-9982-E01ED2155131}.Release|Any CPU.Build.0 = Release|Any CPU
	EndGlobalSection
	GlobalSection(SolutionProperties) = preSolution
		HideSolutionNode = FALSE
	EndGlobalSection
	GlobalSection(ExtensibilityGlobals) = postSolution
		SolutionGuid = {EEB5A8A5-B464-48D4-AACF-C8E7C0D786DB}
	EndGlobalSection
EndGlobal
