
Microsoft Visual Studio Solution File, Format Version 12.00
# Visual Studio Version 16
VisualStudioVersion = 16.0.29318.209
MinimumVisualStudioVersion = 10.0.40219.1
Project("{9A19103F-16F7-4668-BE54-9A1E7A4F7556}") = "Battleship", "Battleship\Battleship.csproj", "{82CC8DF9-8825-4FAF-8684-9B3D93860BBC}"
EndProject
Project("{2150E333-8FDC-42A3-9474-1A3956D46DE8}") = "Images", "Images", "{1E89CF15-9E44-4146-A6AD-E7D3854EC28E}"
	ProjectSection(SolutionItems) = preProject
		Battleship Assorted Images\Battleship Assorted Images\battleship.ico = Battleship Assorted Images\Battleship Assorted Images\battleship.ico
		Battleship Assorted Images\Battleship Assorted Images\battleship.png = Battleship Assorted Images\Battleship Assorted Images\battleship.png
		Battleship Assorted Images\Battleship Assorted Images\battleship_bottom.png = Battleship Assorted Images\Battleship Assorted Images\battleship_bottom.png
		Battleship Assorted Images\Battleship Assorted Images\battleship_example.png = Battleship Assorted Images\Battleship Assorted Images\battleship_example.png
		Battleship Assorted Images\Battleship Assorted Images\battleship_horz.png = Battleship Assorted Images\Battleship Assorted Images\battleship_horz.png
		Battleship Assorted Images\Battleship Assorted Images\battleship_icon.ico = Battleship Assorted Images\Battleship Assorted Images\battleship_icon.ico
		Battleship Assorted Images\Battleship Assorted Images\battleship_left.png = Battleship Assorted Images\Battleship Assorted Images\battleship_left.png
		Battleship Assorted Images\Battleship Assorted Images\battleship_right.png = Battleship Assorted Images\Battleship Assorted Images\battleship_right.png
		Battleship Assorted Images\Battleship Assorted Images\battleship_single.png = Battleship Assorted Images\Battleship Assorted Images\battleship_single.png
		Battleship Assorted Images\Battleship Assorted Images\battleship_tile.png = Battleship Assorted Images\Battleship Assorted Images\battleship_tile.png
		Battleship Assorted Images\Battleship Assorted Images\battleship_top.png = Battleship Assorted Images\Battleship Assorted Images\battleship_top.png
		Battleship Assorted Images\Battleship Assorted Images\battleship_unknown.png = Battleship Assorted Images\Battleship Assorted Images\battleship_unknown.png
		Battleship Assorted Images\Battleship Assorted Images\battleship_vert.png = Battleship Assorted Images\Battleship Assorted Images\battleship_vert.png
		Battleship Assorted Images\Battleship Assorted Images\battleship_waterview.jpg = Battleship Assorted Images\Battleship Assorted Images\battleship_waterview.jpg
	EndProjectSection
EndProject
Global
	GlobalSection(SolutionConfigurationPlatforms) = preSolution
		Debug|Any CPU = Debug|Any CPU
		Release|Any CPU = Release|Any CPU
	EndGlobalSection
	GlobalSection(ProjectConfigurationPlatforms) = postSolution
		{82CC8DF9-8825-4FAF-8684-9B3D93860BBC}.Debug|Any CPU.ActiveCfg = Debug|Any CPU
		{82CC8DF9-8825-4FAF-8684-9B3D93860BBC}.Debug|Any CPU.Build.0 = Debug|Any CPU
		{82CC8DF9-8825-4FAF-8684-9B3D93860BBC}.Release|Any CPU.ActiveCfg = Release|Any CPU
		{82CC8DF9-8825-4FAF-8684-9B3D93860BBC}.Release|Any CPU.Build.0 = Release|Any CPU
	EndGlobalSection
	GlobalSection(SolutionProperties) = preSolution
		HideSolutionNode = FALSE
	EndGlobalSection
	GlobalSection(ExtensibilityGlobals) = postSolution
		SolutionGuid = {26BA4D69-245D-4A0B-85C5-BF27872AF921}
	EndGlobalSection
EndGlobal
